{
  "name": "soc-network-prototype",
  "version": "0.3.0",
  "lockfileVersion": 3,
  "requires": true,
  "packages": {
    "": {
      "name": "soc-network-prototype",
      "version": "0.3.0",
      "dependencies": {
        "@elastic/eui": "106.0.0",
        "@monaco-editor/react": "4.7.0",
        "monaco-editor": "0.55.1",
        "react": "18.3.1",
        "react-dom": "18.3.1",
        "react-router-dom": "7.6.0"
      },
      "devDependencies": {
        "@axe-core/playwright": "4.10.0",
        "@eslint/js": "9.31.0",
        "@playwright/test": "1.61.1",
        "@testing-library/jest-dom": "6.9.1",
        "@testing-library/react": "16.3.0",
        "@types/node": "22.16.0",
        "@types/react": "18.3.0",
        "@types/react-dom": "18.3.0",
        "@vitejs/plugin-react": "5.0.4",
        "eslint": "9.31.0",
        "eslint-plugin-react-hooks": "5.2.0",
        "eslint-plugin-react-refresh": "0.4.20",
        "globals": "16.3.0",
        "jsdom": "26.1.0",
        "typescript": "5.8.3",
        "typescript-eslint": "8.38.0",
        "vite": "7.3.6",
        "vitest": "3.2.0"
      },
      "engines": {
        "node": "^20.19.0 || >=22.12.0"
      }
    },
    "node_modules/@axe-core/playwright": {
      "version": "4.10.0",
      "integrity": "sha512-kEr3JPEVUSnKIYp/egV2jvFj+chIjCjPp3K3zlpJMza/CB3TFw8UZNbI9agEC2uMz4YbgAOyzlbUy0QS+OofFA==",
      "dev": true
    },
    "node_modules/@elastic/eui": {
      "version": "106.0.0",
      "integrity": "sha512-vp/tA8KjmFyAHdfjlHOEjtwOcnkh/jAUF6DAw/rfM/acTbzL7WqCLkrrOEFZ21u4ysSWKcXsB1whI4nC4d0ygA=="
    },
    "node_modules/@eslint/js": {
      "version": "9.31.0",
      "integrity": "sha512-LOm5OVt7D4qiKCqoiPbA7LWmI+tbw1VbTUowBcUMgQSuM6poJufkFkYDcQpo5KfgD39TnNySV26QjOh7VFpSyw==",
      "dev": true
    },
    "node_modules/@monaco-editor/react": {
      "version": "4.7.0",
      "integrity": "sha512-cyzXQCtO47ydzxpQtCGSQGOC8Gk3ZUeBXFAxD+CWXYFo5OqZyZUonFl0DwUlTyAfRHntBfw2p3w4s9R6oe1eCA=="
    },
    "node_modules/@playwright/test": {
      "version": "1.61.1",
      "integrity": "sha512-8nKv6+0RJSL9FE4jYOEGXnPeM/Hg12qZpmqzZjRh3qM0Y7c3z1mrOTfFLids72RDQYVh9WpLEfR5WdpNX4fkig==",
      "dev": true
    },
    "node_modules/@testing-library/jest-dom": {
      "version": "6.9.1",
      "integrity": "sha512-zIcONa+hVtVSSep9UT3jZ5rizo2BsxgyDYU7WFD5eICBE7no3881HGeb/QkGfsJs6JTkY1aQhT7rIPC7e+0nnA==",
      "dev": true
    },
    "node_modules/@testing-library/react": {
      "version": "16.3.0",
      "integrity": "sha512-kFSyxiEDwv1WLl2fgsq6pPBbw5aWKrsY2/noi1Id0TK0UParSF62oFQFGHXIyaG4pp2tEub/Zlel+fjjZILDsw==",
      "dev": true
    },
    "node_modules/@types/node": {
      "version": "22.16.0",
      "integrity": "sha512-B2egV9wALML1JCpv3VQoQ+yesQKAmNMBIAY7OteVrikcOcAkWm+dGL6qpeCktPjAv6N1JLnhbNiqS35UpFyBsQ==",
      "dev": true
    },
    "node_modules/@types/react": {
      "version": "18.3.0",
      "integrity": "sha512-DiUcKjzE6soLyln8NNZmyhcQjVv+WsUIFSqetMN0p8927OztKT4VTfFTqsbAi5oAGIcgOmOajlfBqyptDDjZRw=="
    },
    "node_modules/@types/react-dom": {
      "version": "18.3.0",
      "integrity": "sha512-EhwApuTmMBmXuFOikhQLIBUn6uFg81SwLMOAUgodJF14SOBOCMdU04gDoYi0WOJJHD144TL32z4yDqCW3dnkQg=="
    },
    "node_modules/@vitejs/plugin-react": {
      "version": "5.0.4",
      "integrity": "sha512-La0KD0vGkVkSk6K+piWDKRUyg8Rl5iAIKRMH0vMJI0Eg47bq1eOxmoObAaQG37WMW9MSyk7Cs8EIWwJC1PtzKA==",
      "dev": true
    },
    "node_modules/eslint": {
      "version": "9.31.0",
      "integrity": "sha512-QldCVh/ztyKJJZLr4jXNUByx3gR+TDYZCRXEktiZoUR3PGy4qCmSbkxcIle8GEwGpb5JBZazlaJ/CxLidXdEbQ==",
      "dev": true
    },
    "node_modules/eslint-plugin-react-hooks": {
      "version": "5.2.0",
      "integrity": "sha512-+f15FfK64YQwZdJNELETdn5ibXEUQmW1DZL6KXhNnc2heoy/sg9VJJeT7n8TlMWouzWqSWavFkIhHyIbIAEapg==",
      "dev": true
    },
    "node_modules/eslint-plugin-react-refresh": {
      "version": "0.4.20",
      "integrity": "sha512-XpbHQ2q5gUF8BGOX4dHe+71qoirYMhApEPZ7sfhF/dNnOF1UXnCMGZf79SFTBO7Bz5YEIT4TMieSlJBWhP9WBA==",
      "dev": true
    },
    "node_modules/globals": {
      "version": "16.3.0",
      "integrity": "sha512-bqWEnJ1Nt3neqx2q5SFfGS8r/ahumIakg3HcwtNlrVlwXIeNumWn/c7Pn/wKzGhf6SaW6H6uWXLqC30STCMchQ==",
      "dev": true
    },
    "node_modules/jsdom": {
      "version": "26.1.0",
      "integrity": "sha512-Cvc9WUhxSMEo4McES3P7oK3QaXldCfNWp7pl2NNeiIFlCoLr3kfq9kb1fxftiwk1FLV7CvpvDfonxtzUDeSOPg==",
      "dev": true
    },
    "node_modules/monaco-editor": {
      "version": "0.55.1",
      "integrity": "sha512-jz4x+TJNFHwHtwuV9vA9rMujcZRb0CEilTEwG2rRSpe/A7Jdkuj8xPKttCgOh+v/lkHy7HsZ64oj+q3xoAFl9A=="
    },
    "node_modules/react": {
      "version": "18.3.1",
      "integrity": "sha512-wS+hAgJShR0KhEvPJArfuPVN1+Hz1t0Y6n5jLrGQbkb4urgPE/0Rve+1kMB1v/oWgHgm4WIcV+i7F2pTVj+2iQ=="
    },
    "node_modules/react-dom": {
      "version": "18.3.1",
      "integrity": "sha512-5m4nQKp+rZRb09LNH59GM4BxTh9251/ylbKIbpe7TpGxfJ+9kv6BLkLBXIjjspbgbnIBNqlI23tRnTWT0snUIw=="
    },
    "node_modules/react-router-dom": {
      "version": "7.6.0",
      "integrity": "sha512-DYgm6RDEuKdopSyGOWZGtDfSm7Aofb8CCzgkliTjtu/eDuB0gcsv6qdFhhi8HdtmA+KHkt5MfZ5K2PdzjugYsA=="
    },
    "node_modules/typescript": {
      "version": "5.8.3",
      "integrity": "sha512-p1diW6TqL9L07nNxvRMM7hMMw4c5XOo/1ibL4aAIGmSAt9slTE1Xgw5KWuof2uTOvCg9BY7ZRi+GaF+7sfgPeQ=="
    },
    "node_modules/typescript-eslint": {
      "version": "8.38.0",
      "integrity": "sha512-FsZlrYK6bPDGoLeZRuvx2v6qrM03I0U0SnfCLPs/XCCPCFD80xU9Pg09H/K+XFa68uJuZo7l/Xhs+eDRg2l3hg==",
      "dev": true
    },
    "node_modules/vite": {
      "version": "7.3.6",
      "integrity": "sha512-4XP60spRGjSZFf1qYH+dJIkK2znL3zQfl9KkOV9MkkRR/3Dls0dxaBsQPTloEc5BLXWPL9vsOxopxyKoMmDueg==",
      "dev": true
    },
    "node_modules/vitest": {
      "version": "3.2.0",
      "integrity": "sha512-P7Nvwuli8WBNmeMHHek7PnGW4oAZl9za1fddfRVidZar8wDZRi7hpznLKQePQ8JPLwSBEYDK11g+++j7uFJV8Q==",
      "dev": true
    }
  }
}
